// !$*UTF8*$!
{
	archiveVersion = 1;
	classes = {
	};
	objectVersion = 51;
	objects = {

/* Begin PBXBuildFile section */
		0A7256C83A6A26AF3C3AFE02 /* Pods_eFitness_eFitnessUITests.framework in Frameworks */ = {isa = PBXBuildFile; fileRef = BCCEBD2A1611541D72A96E45 /* Pods_eFitness_eFitnessUITests.framework */; };
		1966B993272063330030BBC9 /* AppDelegate.swift in Sources */ = {isa = PBXBuildFile; fileRef = 1966B992272063330030BBC9 /* AppDelegate.swift */; };
		1966B995272063330030BBC9 /* SceneDelegate.swift in Sources */ = {isa = PBXBuildFile; fileRef = 1966B994272063330030BBC9 /* SceneDelegate.swift */; };
		1966B99A272063330030BBC9 /* Main.storyboard in Resources */ = {isa = PBXBuildFile; fileRef = 1966B998272063330030BBC9 /* Main.storyboard */; };
		1966B99C272063360030BBC9 /* Assets.xcassets in Resources */ = {isa = PBXBuildFile; fileRef = 1966B99B272063360030BBC9 /* Assets.xcassets */; };
		1966B99F272063360030BBC9 /* LaunchScreen.storyboard in Resources */ = {isa = PBXBuildFile; fileRef = 1966B99D272063360030BBC9 /* LaunchScreen.storyboard */; };
		1966B9AA272063360030BBC9 /* eFitnessTests.swift in Sources */ = {isa = PBXBuildFile; fileRef = 1966B9A9272063360030BBC9 /* eFitnessTests.swift */; };
		1966B9B5272063360030BBC9 /* eFitnessUITests.swift in Sources */ = {isa = PBXBuildFile; fileRef = 1966B9B4272063360030BBC9 /* eFitnessUITests.swift */; };
		1966B9CE272067DC0030BBC9 /* RegisterScene.swift in Sources */ = {isa = PBXBuildFile; fileRef = 1966B9CD272067DC0030BBC9 /* RegisterScene.swift */; };
		1966B9D0272067EB0030BBC9 /* LoginScene.swift in Sources */ = {isa = PBXBuildFile; fileRef = 1966B9CF272067EB0030BBC9 /* LoginScene.swift */; };
		1966BA4627207AB00030BBC9 /* Montserrat-LightItalic.otf in Resources */ = {isa = PBXBuildFile; fileRef = 1966BA3527207AAF0030BBC9 /* Montserrat-LightItalic.otf */; };
		1966BA4727207AB00030BBC9 /* Montserrat-Thin.otf in Resources */ = {isa = PBXBuildFile; fileRef = 1966BA3627207AAF0030BBC9 /* Montserrat-Thin.otf */; };
		1966BA4827207AB00030BBC9 /* Montserrat-MediumItalic.otf in Resources */ = {isa = PBXBuildFile; fileRef = 1966BA3727207AAF0030BBC9 /* Montserrat-MediumItalic.otf */; };
		1966BA4927207AB00030BBC9 /* Montserrat-SemiBoldItalic.otf in Resources */ = {isa = PBXBuildFile; fileRef = 1966BA3827207AAF0030BBC9 /* Montserrat-SemiBoldItalic.otf */; };
		1966BA4A27207AB00030BBC9 /* Montserrat-BlackItalic.otf in Resources */ = {isa = PBXBuildFile; fileRef = 1966BA3927207AAF0030BBC9 /* Montserrat-BlackItalic.otf */; };
		1966BA4B27207AB00030BBC9 /* Montserrat-Light.otf in Resources */ = {isa = PBXBuildFile; fileRef = 1966BA3A27207AAF0030BBC9 /* Montserrat-Light.otf */; };
		1966BA4C27207AB00030BBC9 /* Montserrat-ExtraLight.otf in Resources */ = {isa = PBXBuildFile; fileRef = 1966BA3B27207AAF0030BBC9 /* Montserrat-ExtraLight.otf */; };
		1966BA4D27207AB00030BBC9 /* Montserrat-Black.otf in Resources */ = {isa = PBXBuildFile; fileRef = 1966BA3C27207AAF0030BBC9 /* Montserrat-Black.otf */; };
		1966BA4E27207AB00030BBC9 /* Montserrat-Regular.otf in Resources */ = {isa = PBXBuildFile; fileRef = 1966BA3D27207AAF0030BBC9 /* Montserrat-Regular.otf */; };
		1966BA4F27207AB00030BBC9 /* Montserrat-Medium.otf in Resources */ = {isa = PBXBuildFile; fileRef = 1966BA3E27207AB00030BBC9 /* Montserrat-Medium.otf */; };
		1966BA5027207AB00030BBC9 /* Montserrat-BoldItalic.otf in Resources */ = {isa = PBXBuildFile; fileRef = 1966BA3F27207AB00030BBC9 /* Montserrat-BoldItalic.otf */; };
		1966BA5127207AB00030BBC9 /* Montserrat-SemiBold.otf in Resources */ = {isa = PBXBuildFile; fileRef = 1966BA4027207AB00030BBC9 /* Montserrat-SemiBold.otf */; };
		1966BA5227207AB00030BBC9 /* Montserrat-Italic.otf in Resources */ = {isa = PBXBuildFile; fileRef = 1966BA4127207AB00030BBC9 /* Montserrat-Italic.otf */; };
		1966BA5327207AB00030BBC9 /* Montserrat-Bold.otf in Resources */ = {isa = PBXBuildFile; fileRef = 1966BA4227207AB00030BBC9 /* Montserrat-Bold.otf */; };
		1966BA5427207AB00030BBC9 /* Montserrat-ExtraBoldItalic.otf in Resources */ = {isa = PBXBuildFile; fileRef = 1966BA4327207AB00030BBC9 /* Montserrat-ExtraBoldItalic.otf */; };
		1966BA5527207AB00030BBC9 /* Montserrat-ExtraLightItalic.otf in Resources */ = {isa = PBXBuildFile; fileRef = 1966BA4427207AB00030BBC9 /* Montserrat-ExtraLightItalic.otf */; };
		1966BA5627207AB00030BBC9 /* Montserrat-ExtraBold.otf in Resources */ = {isa = PBXBuildFile; fileRef = 1966BA4527207AB00030BBC9 /* Montserrat-ExtraBold.otf */; };
		1966BA5A27209ECF0030BBC9 /* UIViewController+.swift in Sources */ = {isa = PBXBuildFile; fileRef = 1966BA5927209ECF0030BBC9 /* UIViewController+.swift */; };
		19B260FA272BBD9A00BC3CD4 /* VideoPlaybackScene.swift in Sources */ = {isa = PBXBuildFile; fileRef = 19B260F9272BBD9A00BC3CD4 /* VideoPlaybackScene.swift */; };
		19CD37E1272673E600474862 /* AccountScene.swift in Sources */ = {isa = PBXBuildFile; fileRef = 19CD37E0272673E600474862 /* AccountScene.swift */; };
		19CD37E62726781B00474862 /* Constants.swift in Sources */ = {isa = PBXBuildFile; fileRef = 19CD37E52726781B00474862 /* Constants.swift */; };
		19CD37E92726913100474862 /* GoogleService-Info.plist in Resources */ = {isa = PBXBuildFile; fileRef = 19CD37E82726913100474862 /* GoogleService-Info.plist */; };
		19CD37EC2726D48F00474862 /* LoginViewModel.swift in Sources */ = {isa = PBXBuildFile; fileRef = 19CD37EB2726D48F00474862 /* LoginViewModel.swift */; };
		19CD37EE2726D61700474862 /* BaseViewModel.swift in Sources */ = {isa = PBXBuildFile; fileRef = 19CD37ED2726D61700474862 /* BaseViewModel.swift */; };
		19CD37F02726DB1E00474862 /* RegisterViewModel.swift in Sources */ = {isa = PBXBuildFile; fileRef = 19CD37EF2726DB1E00474862 /* RegisterViewModel.swift */; };
		19CD37F22726E71400474862 /* EfitnessClient.swift in Sources */ = {isa = PBXBuildFile; fileRef = 19CD37F12726E71400474862 /* EfitnessClient.swift */; };
		19CD37F52726E76700474862 /* FeedbackModel.swift in Sources */ = {isa = PBXBuildFile; fileRef = 19CD37F42726E76700474862 /* FeedbackModel.swift */; };
		19CD37F72726E8D200474862 /* HomeViewModel.swift in Sources */ = {isa = PBXBuildFile; fileRef = 19CD37F62726E8D200474862 /* HomeViewModel.swift */; };
		19DBDB0F272ABF400045712F /* CameraScene.swift in Sources */ = {isa = PBXBuildFile; fileRef = 19DBDB0E272ABF400045712F /* CameraScene.swift */; };
		19FA357F272F868F00110220 /* UITextField+.swift in Sources */ = {isa = PBXBuildFile; fileRef = 19FA357E272F868F00110220 /* UITextField+.swift */; };
		19FA3581272F86D400110220 /* UIFont+.swift in Sources */ = {isa = PBXBuildFile; fileRef = 19FA3580272F86D400110220 /* UIFont+.swift */; };
		19FA3583272F871A00110220 /* UIColor+.swift in Sources */ = {isa = PBXBuildFile; fileRef = 19FA3582272F871A00110220 /* UIColor+.swift */; };
		19FA3587272FAE2700110220 /* TextfieldValidator.swift in Sources */ = {isa = PBXBuildFile; fileRef = 19FA3586272FAE2700110220 /* TextfieldValidator.swift */; };
		19FA3589272FB60C00110220 /* UIView+.swift in Sources */ = {isa = PBXBuildFile; fileRef = 19FA3588272FB60C00110220 /* UIView+.swift */; };
		4BF2F581EDBE744FB7E96693 /* Pods_eFitnessTests.framework in Frameworks */ = {isa = PBXBuildFile; fileRef = 6BBBCBC80568BBCA99642ABB /* Pods_eFitnessTests.framework */; };
		85C04AFB5036106C0AD2D4FC /* Pods_eFitness.framework in Frameworks */ = {isa = PBXBuildFile; fileRef = 586ACFFC286459A2B8D0F9CA /* Pods_eFitness.framework */; };
/* End PBXBuildFile section */

/* Begin PBXContainerItemProxy section */
		1966B9A6272063360030BBC9 /* PBXContainerItemProxy */ = {
			isa = PBXContainerItemProxy;
			containerPortal = 1966B987272063330030BBC9 /* Project object */;
			proxyType = 1;
			remoteGlobalIDString = 1966B98E272063330030BBC9;
			remoteInfo = eFitness;
		};
		1966B9B1272063360030BBC9 /* PBXContainerItemProxy */ = {
			isa = PBXContainerItemProxy;
			containerPortal = 1966B987272063330030BBC9 /* Project object */;
			proxyType = 1;
			remoteGlobalIDString = 1966B98E272063330030BBC9;
			remoteInfo = eFitness;
		};
/* End PBXContainerItemProxy section */

/* Begin PBXFileReference section */
		1966B98F272063330030BBC9 /* eFitness.app */ = {isa = PBXFileReference; explicitFileType = wrapper.application; includeInIndex = 0; path = eFitness.app; sourceTree = BUILT_PRODUCTS_DIR; };
		1966B992272063330030BBC9 /* AppDelegate.swift */ = {isa = PBXFileReference; lastKnownFileType = sourcecode.swift; path = AppDelegate.swift; sourceTree = "<group>"; };
		1966B994272063330030BBC9 /* SceneDelegate.swift */ = {isa = PBXFileReference; lastKnownFileType = sourcecode.swift; path = SceneDelegate.swift; sourceTree = "<group>"; };
		1966B999272063330030BBC9 /* Base */ = {isa = PBXFileReference; lastKnownFileType = file.storyboard; name = Base; path = Base.lproj/Main.storyboard; sourceTree = "<group>"; };
		1966B99B272063360030BBC9 /* Assets.xcassets */ = {isa = PBXFileReference; lastKnownFileType = folder.assetcatalog; path = Assets.xcassets; sourceTree = "<group>"; };
		1966B99E272063360030BBC9 /* Base */ = {isa = PBXFileReference; lastKnownFileType = file.storyboard; name = Base; path = Base.lproj/LaunchScreen.storyboard; sourceTree = "<group>"; };
		1966B9A0272063360030BBC9 /* Info.plist */ = {isa = PBXFileReference; lastKnownFileType = text.plist.xml; path = Info.plist; sourceTree = "<group>"; };
		1966B9A5272063360030BBC9 /* eFitnessTests.xctest */ = {isa = PBXFileReference; explicitFileType = wrapper.cfbundle; includeInIndex = 0; path = eFitnessTests.xctest; sourceTree = BUILT_PRODUCTS_DIR; };
		1966B9A9272063360030BBC9 /* eFitnessTests.swift */ = {isa = PBXFileReference; lastKnownFileType = sourcecode.swift; path = eFitnessTests.swift; sourceTree = "<group>"; };
		1966B9AB272063360030BBC9 /* Info.plist */ = {isa = PBXFileReference; lastKnownFileType = text.plist.xml; path = Info.plist; sourceTree = "<group>"; };
		1966B9B0272063360030BBC9 /* eFitnessUITests.xctest */ = {isa = PBXFileReference; explicitFileType = wrapper.cfbundle; includeInIndex = 0; path = eFitnessUITests.xctest; sourceTree = BUILT_PRODUCTS_DIR; };
		1966B9B4272063360030BBC9 /* eFitnessUITests.swift */ = {isa = PBXFileReference; lastKnownFileType = sourcecode.swift; path = eFitnessUITests.swift; sourceTree = "<group>"; };
		1966B9B6272063360030BBC9 /* Info.plist */ = {isa = PBXFileReference; lastKnownFileType = text.plist.xml; path = Info.plist; sourceTree = "<group>"; };
		1966B9CD272067DC0030BBC9 /* RegisterScene.swift */ = {isa = PBXFileReference; lastKnownFileType = sourcecode.swift; path = RegisterScene.swift; sourceTree = "<group>"; };
		1966B9CF272067EB0030BBC9 /* LoginScene.swift */ = {isa = PBXFileReference; lastKnownFileType = sourcecode.swift; path = LoginScene.swift; sourceTree = "<group>"; };
		1966BA3527207AAF0030BBC9 /* Montserrat-LightItalic.otf */ = {isa = PBXFileReference; lastKnownFileType = file; path = "Montserrat-LightItalic.otf"; sourceTree = "<group>"; };
		1966BA3627207AAF0030BBC9 /* Montserrat-Thin.otf */ = {isa = PBXFileReference; lastKnownFileType = file; path = "Montserrat-Thin.otf"; sourceTree = "<group>"; };
		1966BA3727207AAF0030BBC9 /* Montserrat-MediumItalic.otf */ = {isa = PBXFileReference; lastKnownFileType = file; path = "Montserrat-MediumItalic.otf"; sourceTree = "<group>"; };
		1966BA3827207AAF0030BBC9 /* Montserrat-SemiBoldItalic.otf */ = {isa = PBXFileReference; lastKnownFileType = file; path = "Montserrat-SemiBoldItalic.otf"; sourceTree = "<group>"; };
		1966BA3927207AAF0030BBC9 /* Montserrat-BlackItalic.otf */ = {isa = PBXFileReference; lastKnownFileType = file; path = "Montserrat-BlackItalic.otf"; sourceTree = "<group>"; };
		1966BA3A27207AAF0030BBC9 /* Montserrat-Light.otf */ = {isa = PBXFileReference; lastKnownFileType = file; path = "Montserrat-Light.otf"; sourceTree = "<group>"; };
		1966BA3B27207AAF0030BBC9 /* Montserrat-ExtraLight.otf */ = {isa = PBXFileReference; lastKnownFileType = file; path = "Montserrat-ExtraLight.otf"; sourceTree = "<group>"; };
		1966BA3C27207AAF0030BBC9 /* Montserrat-Black.otf */ = {isa = PBXFileReference; lastKnownFileType = file; path = "Montserrat-Black.otf"; sourceTree = "<group>"; };
		1966BA3D27207AAF0030BBC9 /* Montserrat-Regular.otf */ = {isa = PBXFileReference; lastKnownFileType = file; path = "Montserrat-Regular.otf"; sourceTree = "<group>"; };
		1966BA3E27207AB00030BBC9 /* Montserrat-Medium.otf */ = {isa = PBXFileReference; lastKnownFileType = file; path = "Montserrat-Medium.otf"; sourceTree = "<group>"; };
		1966BA3F27207AB00030BBC9 /* Montserrat-BoldItalic.otf */ = {isa = PBXFileReference; lastKnownFileType = file; path = "Montserrat-BoldItalic.otf"; sourceTree = "<group>"; };
		1966BA4027207AB00030BBC9 /* Montserrat-SemiBold.otf */ = {isa = PBXFileReference; lastKnownFileType = file; path = "Montserrat-SemiBold.otf"; sourceTree = "<group>"; };
		1966BA4127207AB00030BBC9 /* Montserrat-Italic.otf */ = {isa = PBXFileReference; lastKnownFileType = file; path = "Montserrat-Italic.otf"; sourceTree = "<group>"; };
		1966BA4227207AB00030BBC9 /* Montserrat-Bold.otf */ = {isa = PBXFileReference; lastKnownFileType = file; path = "Montserrat-Bold.otf"; sourceTree = "<group>"; };
		1966BA4327207AB00030BBC9 /* Montserrat-ExtraBoldItalic.otf */ = {isa = PBXFileReference; lastKnownFileType = file; path = "Montserrat-ExtraBoldItalic.otf"; sourceTree = "<group>"; };
		1966BA4427207AB00030BBC9 /* Montserrat-ExtraLightItalic.otf */ = {isa = PBXFileReference; lastKnownFileType = file; path = "Montserrat-ExtraLightItalic.otf"; sourceTree = "<group>"; };
		1966BA4527207AB00030BBC9 /* Montserrat-ExtraBold.otf */ = {isa = PBXFileReference; lastKnownFileType = file; path = "Montserrat-ExtraBold.otf"; sourceTree = "<group>"; };
		1966BA5927209ECF0030BBC9 /* UIViewController+.swift */ = {isa = PBXFileReference; lastKnownFileType = sourcecode.swift; path = "UIViewController+.swift"; sourceTree = "<group>"; };
		19B260F9272BBD9A00BC3CD4 /* VideoPlaybackScene.swift */ = {isa = PBXFileReference; lastKnownFileType = sourcecode.swift; path = VideoPlaybackScene.swift; sourceTree = "<group>"; };
		19CD37E0272673E600474862 /* AccountScene.swift */ = {isa = PBXFileReference; lastKnownFileType = sourcecode.swift; path = AccountScene.swift; sourceTree = "<group>"; };
		19CD37E52726781B00474862 /* Constants.swift */ = {isa = PBXFileReference; lastKnownFileType = sourcecode.swift; path = Constants.swift; sourceTree = "<group>"; };
		19CD37E82726913100474862 /* GoogleService-Info.plist */ = {isa = PBXFileReference; fileEncoding = 4; lastKnownFileType = text.plist.xml; path = "GoogleService-Info.plist"; sourceTree = "<group>"; };
		19CD37EB2726D48F00474862 /* LoginViewModel.swift */ = {isa = PBXFileReference; lastKnownFileType = sourcecode.swift; path = LoginViewModel.swift; sourceTree = "<group>"; };
		19CD37ED2726D61700474862 /* BaseViewModel.swift */ = {isa = PBXFileReference; lastKnownFileType = sourcecode.swift; path = BaseViewModel.swift; sourceTree = "<group>"; };
		19CD37EF2726DB1E00474862 /* RegisterViewModel.swift */ = {isa = PBXFileReference; lastKnownFileType = sourcecode.swift; path = RegisterViewModel.swift; sourceTree = "<group>"; };
		19CD37F12726E71400474862 /* EfitnessClient.swift */ = {isa = PBXFileReference; lastKnownFileType = sourcecode.swift; path = EfitnessClient.swift; sourceTree = "<group>"; };
		19CD37F42726E76700474862 /* FeedbackModel.swift */ = {isa = PBXFileReference; lastKnownFileType = sourcecode.swift; path = FeedbackModel.swift; sourceTree = "<group>"; };
		19CD37F62726E8D200474862 /* HomeViewModel.swift */ = {isa = PBXFileReference; lastKnownFileType = sourcecode.swift; path = HomeViewModel.swift; sourceTree = "<group>"; };
		19DBDB0E272ABF400045712F /* CameraScene.swift */ = {isa = PBXFileReference; lastKnownFileType = sourcecode.swift; path = CameraScene.swift; sourceTree = "<group>"; };
		19FA357E272F868F00110220 /* UITextField+.swift */ = {isa = PBXFileReference; lastKnownFileType = sourcecode.swift; path = "UITextField+.swift"; sourceTree = "<group>"; };
		19FA3580272F86D400110220 /* UIFont+.swift */ = {isa = PBXFileReference; lastKnownFileType = sourcecode.swift; path = "UIFont+.swift"; sourceTree = "<group>"; };
		19FA3582272F871A00110220 /* UIColor+.swift */ = {isa = PBXFileReference; lastKnownFileType = sourcecode.swift; path = "UIColor+.swift"; sourceTree = "<group>"; };
		19FA3586272FAE2700110220 /* TextfieldValidator.swift */ = {isa = PBXFileReference; lastKnownFileType = sourcecode.swift; path = TextfieldValidator.swift; sourceTree = "<group>"; };
		19FA3588272FB60C00110220 /* UIView+.swift */ = {isa = PBXFileReference; lastKnownFileType = sourcecode.swift; path = "UIView+.swift"; sourceTree = "<group>"; };
		4BAC2478ECE6772FBA0E0754 /* Pods-eFitnessTests.debug.xcconfig */ = {isa = PBXFileReference; includeInIndex = 1; lastKnownFileType = text.xcconfig; name = "Pods-eFitnessTests.debug.xcconfig"; path = "Target Support Files/Pods-eFitnessTests/Pods-eFitnessTests.debug.xcconfig"; sourceTree = "<group>"; };
		586ACFFC286459A2B8D0F9CA /* Pods_eFitness.framework */ = {isa = PBXFileReference; explicitFileType = wrapper.framework; includeInIndex = 0; path = Pods_eFitness.framework; sourceTree = BUILT_PRODUCTS_DIR; };
		6BBBCBC80568BBCA99642ABB /* Pods_eFitnessTests.framework */ = {isa = PBXFileReference; explicitFileType = wrapper.framework; includeInIndex = 0; path = Pods_eFitnessTests.framework; sourceTree = BUILT_PRODUCTS_DIR; };
		6CEC86272B8A5B9BCA2B360F /* Pods-eFitness-eFitnessUITests.debug.xcconfig */ = {isa = PBXFileReference; includeInIndex = 1; lastKnownFileType = text.xcconfig; name = "Pods-eFitness-eFitnessUITests.debug.xcconfig"; path = "Target Support Files/Pods-eFitness-eFitnessUITests/Pods-eFitness-eFitnessUITests.debug.xcconfig"; sourceTree = "<group>"; };
		92E145E6041DEB5E94221D08 /* Pods-eFitness.release.xcconfig */ = {isa = PBXFileReference; includeInIndex = 1; lastKnownFileType = text.xcconfig; name = "Pods-eFitness.release.xcconfig"; path = "Target Support Files/Pods-eFitness/Pods-eFitness.release.xcconfig"; sourceTree = "<group>"; };
		A7DD3078FA9BFE3B177D94D5 /* Pods-eFitness-eFitnessUITests.release.xcconfig */ = {isa = PBXFileReference; includeInIndex = 1; lastKnownFileType = text.xcconfig; name = "Pods-eFitness-eFitnessUITests.release.xcconfig"; path = "Target Support Files/Pods-eFitness-eFitnessUITests/Pods-eFitness-eFitnessUITests.release.xcconfig"; sourceTree = "<group>"; };
		B4EB2E178DCF7A71BC2446E0 /* Pods-eFitness.debug.xcconfig */ = {isa = PBXFileReference; includeInIndex = 1; lastKnownFileType = text.xcconfig; name = "Pods-eFitness.debug.xcconfig"; path = "Target Support Files/Pods-eFitness/Pods-eFitness.debug.xcconfig"; sourceTree = "<group>"; };
		BCCEBD2A1611541D72A96E45 /* Pods_eFitness_eFitnessUITests.framework */ = {isa = PBXFileReference; explicitFileType = wrapper.framework; includeInIndex = 0; path = Pods_eFitness_eFitnessUITests.framework; sourceTree = BUILT_PRODUCTS_DIR; };
		EB3E230D7B4C9372EDA29AEE /* Pods-eFitnessTests.release.xcconfig */ = {isa = PBXFileReference; includeInIndex = 1; lastKnownFileType = text.xcconfig; name = "Pods-eFitnessTests.release.xcconfig"; path = "Target Support Files/Pods-eFitnessTests/Pods-eFitnessTests.release.xcconfig"; sourceTree = "<group>"; };
/* End PBXFileReference section */

/* Begin PBXFrameworksBuildPhase section */
		1966B98C272063330030BBC9 /* Frameworks */ = {
			isa = PBXFrameworksBuildPhase;
			buildActionMask = 2147483647;
			files = (
				85C04AFB5036106C0AD2D4FC /* Pods_eFitness.framework in Frameworks */,
			);
			runOnlyForDeploymentPostprocessing = 0;
		};
		1966B9A2272063360030BBC9 /* Frameworks */ = {
			isa = PBXFrameworksBuildPhase;
			buildActionMask = 2147483647;
			files = (
				4BF2F581EDBE744FB7E96693 /* Pods_eFitnessTests.framework in Frameworks */,
			);
			runOnlyForDeploymentPostprocessing = 0;
		};
		1966B9AD272063360030BBC9 /* Frameworks */ = {
			isa = PBXFrameworksBuildPhase;
			buildActionMask = 2147483647;
			files = (
				0A7256C83A6A26AF3C3AFE02 /* Pods_eFitness_eFitnessUITests.framework in Frameworks */,
			);
			runOnlyForDeploymentPostprocessing = 0;
		};
/* End PBXFrameworksBuildPhase section */

/* Begin PBXGroup section */
		1966B986272063330030BBC9 = {
			isa = PBXGroup;
			children = (
				1966B991272063330030BBC9 /* eFitness */,
				1966B9A8272063360030BBC9 /* eFitnessTests */,
				1966B9B3272063360030BBC9 /* eFitnessUITests */,
				1966B990272063330030BBC9 /* Products */,
				B9DF87A607A25C4958E16108 /* Pods */,
				71893BEE71A9784FECF6F7BD /* Frameworks */,
			);
			sourceTree = "<group>";
		};
		1966B990272063330030BBC9 /* Products */ = {
			isa = PBXGroup;
			children = (
				1966B98F272063330030BBC9 /* eFitness.app */,
				1966B9A5272063360030BBC9 /* eFitnessTests.xctest */,
				1966B9B0272063360030BBC9 /* eFitnessUITests.xctest */,
			);
			name = Products;
			sourceTree = "<group>";
		};
		1966B991272063330030BBC9 /* eFitness */ = {
			isa = PBXGroup;
			children = (
				1966B9C2272067350030BBC9 /* App */,
				1966B9A0272063360030BBC9 /* Info.plist */,
				1966B9CA2720679F0030BBC9 /* Resources */,
				1966BA2F272078D50030BBC9 /* SupportFiles */,
				1966BA3227207A240030BBC9 /* Utility */,
			);
			path = eFitness;
			sourceTree = "<group>";
		};
		1966B9A8272063360030BBC9 /* eFitnessTests */ = {
			isa = PBXGroup;
			children = (
				1966B9A9272063360030BBC9 /* eFitnessTests.swift */,
				1966B9AB272063360030BBC9 /* Info.plist */,
			);
			path = eFitnessTests;
			sourceTree = "<group>";
		};
		1966B9B3272063360030BBC9 /* eFitnessUITests */ = {
			isa = PBXGroup;
			children = (
				1966B9B4272063360030BBC9 /* eFitnessUITests.swift */,
				1966B9B6272063360030BBC9 /* Info.plist */,
			);
			path = eFitnessUITests;
			sourceTree = "<group>";
		};
		1966B9C2272067350030BBC9 /* App */ = {
			isa = PBXGroup;
			children = (
				19CD37F32726E74B00474862 /* Model */,
				19FA3584272F8A8700110220 /* Scenes */,
				19CD37EA2726D48100474862 /* ViewModels */,
			);
			path = App;
			sourceTree = "<group>";
		};
		1966B9CA2720679F0030BBC9 /* Resources */ = {
			isa = PBXGroup;
			children = (
				1966BA3327207A8F0030BBC9 /* Montserrat */,
				1966B99B272063360030BBC9 /* Assets.xcassets */,
			);
			path = Resources;
			sourceTree = "<group>";
		};
		1966B9CB272067B70030BBC9 /* Storyboards */ = {
			isa = PBXGroup;
			children = (
				1966B99D272063360030BBC9 /* LaunchScreen.storyboard */,
				1966B998272063330030BBC9 /* Main.storyboard */,
			);
			path = Storyboards;
			sourceTree = "<group>";
		};
		1966B9CC272067C90030BBC9 /* Auth */ = {
			isa = PBXGroup;
			children = (
				1966B9CF272067EB0030BBC9 /* LoginScene.swift */,
				1966B9CD272067DC0030BBC9 /* RegisterScene.swift */,
			);
			path = Auth;
			sourceTree = "<group>";
		};
		1966BA2F272078D50030BBC9 /* SupportFiles */ = {
			isa = PBXGroup;
			children = (
				19CD37E727268ED600474862 /* PLists */,
				1966B992272063330030BBC9 /* AppDelegate.swift */,
				1966B994272063330030BBC9 /* SceneDelegate.swift */,
				19CD37F12726E71400474862 /* EfitnessClient.swift */,
			);
			path = SupportFiles;
			sourceTree = "<group>";
		};
		1966BA3227207A240030BBC9 /* Utility */ = {
			isa = PBXGroup;
			children = (
				19FA3585272FAE0F00110220 /* Common */,
				19CD37E2272677AC00474862 /* Extensions */,
			);
			path = Utility;
			sourceTree = "<group>";
		};
		1966BA3327207A8F0030BBC9 /* Montserrat */ = {
			isa = PBXGroup;
			children = (
				1966BA3C27207AAF0030BBC9 /* Montserrat-Black.otf */,
				1966BA3927207AAF0030BBC9 /* Montserrat-BlackItalic.otf */,
				1966BA4227207AB00030BBC9 /* Montserrat-Bold.otf */,
				1966BA3F27207AB00030BBC9 /* Montserrat-BoldItalic.otf */,
				1966BA4527207AB00030BBC9 /* Montserrat-ExtraBold.otf */,
				1966BA4327207AB00030BBC9 /* Montserrat-ExtraBoldItalic.otf */,
				1966BA3B27207AAF0030BBC9 /* Montserrat-ExtraLight.otf */,
				1966BA4427207AB00030BBC9 /* Montserrat-ExtraLightItalic.otf */,
				1966BA4127207AB00030BBC9 /* Montserrat-Italic.otf */,
				1966BA3A27207AAF0030BBC9 /* Montserrat-Light.otf */,
				1966BA3527207AAF0030BBC9 /* Montserrat-LightItalic.otf */,
				1966BA3E27207AB00030BBC9 /* Montserrat-Medium.otf */,
				1966BA3727207AAF0030BBC9 /* Montserrat-MediumItalic.otf */,
				1966BA3D27207AAF0030BBC9 /* Montserrat-Regular.otf */,
				1966BA4027207AB00030BBC9 /* Montserrat-SemiBold.otf */,
				1966BA3827207AAF0030BBC9 /* Montserrat-SemiBoldItalic.otf */,
				1966BA3627207AAF0030BBC9 /* Montserrat-Thin.otf */,
			);
			path = Montserrat;
			sourceTree = "<group>";
		};
		19CD37DD272673C000474862 /* Home */ = {
			isa = PBXGroup;
			children = (
				19CD37E0272673E600474862 /* AccountScene.swift */,
				19DBDB0E272ABF400045712F /* CameraScene.swift */,
				19B260F9272BBD9A00BC3CD4 /* VideoPlaybackScene.swift */,
			);
			path = Home;
			sourceTree = "<group>";
		};
		19CD37E2272677AC00474862 /* Extensions */ = {
			isa = PBXGroup;
			children = (
				1966BA5927209ECF0030BBC9 /* UIViewController+.swift */,
				19FA357E272F868F00110220 /* UITextField+.swift */,
				19FA3580272F86D400110220 /* UIFont+.swift */,
				19FA3582272F871A00110220 /* UIColor+.swift */,
				19FA3588272FB60C00110220 /* UIView+.swift */,
			);
			path = Extensions;
			sourceTree = "<group>";
		};
		19CD37E727268ED600474862 /* PLists */ = {
			isa = PBXGroup;
			children = (
				19CD37E82726913100474862 /* GoogleService-Info.plist */,
			);
			path = PLists;
			sourceTree = "<group>";
		};
		19CD37EA2726D48100474862 /* ViewModels */ = {
			isa = PBXGroup;
			children = (
				19CD37EB2726D48F00474862 /* LoginViewModel.swift */,
				19CD37ED2726D61700474862 /* BaseViewModel.swift */,
				19CD37EF2726DB1E00474862 /* RegisterViewModel.swift */,
				19CD37F62726E8D200474862 /* HomeViewModel.swift */,
			);
			path = ViewModels;
			sourceTree = "<group>";
		};
		19CD37F32726E74B00474862 /* Model */ = {
			isa = PBXGroup;
			children = (
				19CD37F42726E76700474862 /* FeedbackModel.swift */,
			);
			path = Model;
			sourceTree = "<group>";
		};
		19FA3584272F8A8700110220 /* Scenes */ = {
			isa = PBXGroup;
			children = (
				19CD37DD272673C000474862 /* Home */,
				1966B9CC272067C90030BBC9 /* Auth */,
				1966B9CB272067B70030BBC9 /* Storyboards */,
			);
			path = Scenes;
			sourceTree = "<group>";
		};
		19FA3585272FAE0F00110220 /* Common */ = {
			isa = PBXGroup;
			children = (
				19CD37E52726781B00474862 /* Constants.swift */,
				19FA3586272FAE2700110220 /* TextfieldValidator.swift */,
			);
			path = Common;
			sourceTree = "<group>";
		};
		71893BEE71A9784FECF6F7BD /* Frameworks */ = {
			isa = PBXGroup;
			children = (
				586ACFFC286459A2B8D0F9CA /* Pods_eFitness.framework */,
				BCCEBD2A1611541D72A96E45 /* Pods_eFitness_eFitnessUITests.framework */,
				6BBBCBC80568BBCA99642ABB /* Pods_eFitnessTests.framework */,
			);
			name = Frameworks;
			sourceTree = "<group>";
		};
		B9DF87A607A25C4958E16108 /* Pods */ = {
			isa = PBXGroup;
			children = (
				B4EB2E178DCF7A71BC2446E0 /* Pods-eFitness.debug.xcconfig */,
				92E145E6041DEB5E94221D08 /* Pods-eFitness.release.xcconfig */,
				6CEC86272B8A5B9BCA2B360F /* Pods-eFitness-eFitnessUITests.debug.xcconfig */,
				A7DD3078FA9BFE3B177D94D5 /* Pods-eFitness-eFitnessUITests.release.xcconfig */,
				4BAC2478ECE6772FBA0E0754 /* Pods-eFitnessTests.debug.xcconfig */,
				EB3E230D7B4C9372EDA29AEE /* Pods-eFitnessTests.release.xcconfig */,
			);
			path = Pods;
			sourceTree = "<group>";
		};
/* End PBXGroup section */

/* Begin PBXNativeTarget section */
		1966B98E272063330030BBC9 /* eFitness */ = {
			isa = PBXNativeTarget;
			buildConfigurationList = 1966B9B9272063360030BBC9 /* Build configuration list for PBXNativeTarget "eFitness" */;
			buildPhases = (
				8F0A6C5E7EFD7E263109E937 /* [CP] Check Pods Manifest.lock */,
				1966B98B272063330030BBC9 /* Sources */,
				1966B98C272063330030BBC9 /* Frameworks */,
				1966B98D272063330030BBC9 /* Resources */,
				73C17816119CE8693DA27484 /* [CP] Embed Pods Frameworks */,
			);
			buildRules = (
			);
			dependencies = (
			);
			name = eFitness;
			productName = eFitness;
			productReference = 1966B98F272063330030BBC9 /* eFitness.app */;
			productType = "com.apple.product-type.application";
		};
		1966B9A4272063360030BBC9 /* eFitnessTests */ = {
			isa = PBXNativeTarget;
			buildConfigurationList = 1966B9BC272063360030BBC9 /* Build configuration list for PBXNativeTarget "eFitnessTests" */;
			buildPhases = (
				593E40BB04D229C66471019E /* [CP] Check Pods Manifest.lock */,
				1966B9A1272063360030BBC9 /* Sources */,
				1966B9A2272063360030BBC9 /* Frameworks */,
				1966B9A3272063360030BBC9 /* Resources */,
			);
			buildRules = (
			);
			dependencies = (
				1966B9A7272063360030BBC9 /* PBXTargetDependency */,
			);
			name = eFitnessTests;
			productName = eFitnessTests;
			productReference = 1966B9A5272063360030BBC9 /* eFitnessTests.xctest */;
			productType = "com.apple.product-type.bundle.unit-test";
		};
		1966B9AF272063360030BBC9 /* eFitnessUITests */ = {
			isa = PBXNativeTarget;
			buildConfigurationList = 1966B9BF272063360030BBC9 /* Build configuration list for PBXNativeTarget "eFitnessUITests" */;
			buildPhases = (
				B2B3AFB0296390FE5C9E1D1C /* [CP] Check Pods Manifest.lock */,
				1966B9AC272063360030BBC9 /* Sources */,
				1966B9AD272063360030BBC9 /* Frameworks */,
				1966B9AE272063360030BBC9 /* Resources */,
				B3B66FE654F182FCBEDB16A2 /* [CP] Embed Pods Frameworks */,
			);
			buildRules = (
			);
			dependencies = (
				1966B9B2272063360030BBC9 /* PBXTargetDependency */,
			);
			name = eFitnessUITests;
			productName = eFitnessUITests;
			productReference = 1966B9B0272063360030BBC9 /* eFitnessUITests.xctest */;
			productType = "com.apple.product-type.bundle.ui-testing";
		};
/* End PBXNativeTarget section */

/* Begin PBXProject section */
		1966B987272063330030BBC9 /* Project object */ = {
			isa = PBXProject;
			attributes = {
				LastSwiftUpdateCheck = 1250;
				LastUpgradeCheck = 1250;
				TargetAttributes = {
					1966B98E272063330030BBC9 = {
						CreatedOnToolsVersion = 12.5.1;
					};
					1966B9A4272063360030BBC9 = {
						CreatedOnToolsVersion = 12.5.1;
						TestTargetID = 1966B98E272063330030BBC9;
					};
					1966B9AF272063360030BBC9 = {
						CreatedOnToolsVersion = 12.5.1;
						TestTargetID = 1966B98E272063330030BBC9;
					};
				};
			};
			buildConfigurationList = 1966B98A272063330030BBC9 /* Build configuration list for PBXProject "eFitness" */;
			compatibilityVersion = "Xcode 9.3";
			developmentRegion = en;
			hasScannedForEncodings = 0;
			knownRegions = (
				en,
				Base,
			);
			mainGroup = 1966B986272063330030BBC9;
			productRefGroup = 1966B990272063330030BBC9 /* Products */;
			projectDirPath = "";
			projectRoot = "";
			targets = (
				1966B98E272063330030BBC9 /* eFitness */,
				1966B9A4272063360030BBC9 /* eFitnessTests */,
				1966B9AF272063360030BBC9 /* eFitnessUITests */,
			);
		};
/* End PBXProject section */

/* Begin PBXResourcesBuildPhase section */
		1966B98D272063330030BBC9 /* Resources */ = {
			isa = PBXResourcesBuildPhase;
			buildActionMask = 2147483647;
			files = (
				1966BA5627207AB00030BBC9 /* Montserrat-ExtraBold.otf in Resources */,
				1966BA5327207AB00030BBC9 /* Montserrat-Bold.otf in Resources */,
				1966BA4F27207AB00030BBC9 /* Montserrat-Medium.otf in Resources */,
				1966BA5427207AB00030BBC9 /* Montserrat-ExtraBoldItalic.otf in Resources */,
				1966BA4A27207AB00030BBC9 /* Montserrat-BlackItalic.otf in Resources */,
				1966BA4D27207AB00030BBC9 /* Montserrat-Black.otf in Resources */,
				1966BA4727207AB00030BBC9 /* Montserrat-Thin.otf in Resources */,
				1966BA4827207AB00030BBC9 /* Montserrat-MediumItalic.otf in Resources */,
				1966B99F272063360030BBC9 /* LaunchScreen.storyboard in Resources */,
				1966BA4C27207AB00030BBC9 /* Montserrat-ExtraLight.otf in Resources */,
				1966B99C272063360030BBC9 /* Assets.xcassets in Resources */,
				1966BA5527207AB00030BBC9 /* Montserrat-ExtraLightItalic.otf in Resources */,
				1966B99A272063330030BBC9 /* Main.storyboard in Resources */,
				1966BA5127207AB00030BBC9 /* Montserrat-SemiBold.otf in Resources */,
				1966BA4927207AB00030BBC9 /* Montserrat-SemiBoldItalic.otf in Resources */,
				1966BA4627207AB00030BBC9 /* Montserrat-LightItalic.otf in Resources */,
				1966BA5027207AB00030BBC9 /* Montserrat-BoldItalic.otf in Resources */,
				1966BA4B27207AB00030BBC9 /* Montserrat-Light.otf in Resources */,
				19CD37E92726913100474862 /* GoogleService-Info.plist in Resources */,
				1966BA5227207AB00030BBC9 /* Montserrat-Italic.otf in Resources */,
				1966BA4E27207AB00030BBC9 /* Montserrat-Regular.otf in Resources */,
			);
			runOnlyForDeploymentPostprocessing = 0;
		};
		1966B9A3272063360030BBC9 /* Resources */ = {
			isa = PBXResourcesBuildPhase;
			buildActionMask = 2147483647;
			files = (
			);
			runOnlyForDeploymentPostprocessing = 0;
		};
		1966B9AE272063360030BBC9 /* Resources */ = {
			isa = PBXResourcesBuildPhase;
			buildActionMask = 2147483647;
			files = (
			);
			runOnlyForDeploymentPostprocessing = 0;
		};
/* End PBXResourcesBuildPhase section */

/* Begin PBXShellScriptBuildPhase section */
		593E40BB04D229C66471019E /* [CP] Check Pods Manifest.lock */ = {
			isa = PBXShellScriptBuildPhase;
			buildActionMask = 2147483647;
			files = (
			);
			inputFileListPaths = (
			);
			inputPaths = (
				"${PODS_PODFILE_DIR_PATH}/Podfile.lock",
				"${PODS_ROOT}/Manifest.lock",
			);
			name = "[CP] Check Pods Manifest.lock";
			outputFileListPaths = (
			);
			outputPaths = (
				"$(DERIVED_FILE_DIR)/Pods-eFitnessTests-checkManifestLockResult.txt",
			);
			runOnlyForDeploymentPostprocessing = 0;
			shellPath = /bin/sh;
			shellScript = "diff \"${PODS_PODFILE_DIR_PATH}/Podfile.lock\" \"${PODS_ROOT}/Manifest.lock\" > /dev/null\nif [ $? != 0 ] ; then\n    # print error to STDERR\n    echo \"error: The sandbox is not in sync with the Podfile.lock. Run 'pod install' or update your CocoaPods installation.\" >&2\n    exit 1\nfi\n# This output is used by Xcode 'outputs' to avoid re-running this script phase.\necho \"SUCCESS\" > \"${SCRIPT_OUTPUT_FILE_0}\"\n";
			showEnvVarsInLog = 0;
		};
		73C17816119CE8693DA27484 /* [CP] Embed Pods Frameworks */ = {
			isa = PBXShellScriptBuildPhase;
			buildActionMask = 2147483647;
			files = (
			);
			inputFileListPaths = (
				"${PODS_ROOT}/Target Support Files/Pods-eFitness/Pods-eFitness-frameworks-${CONFIGURATION}-input-files.xcfilelist",
			);
			name = "[CP] Embed Pods Frameworks";
			outputFileListPaths = (
				"${PODS_ROOT}/Target Support Files/Pods-eFitness/Pods-eFitness-frameworks-${CONFIGURATION}-output-files.xcfilelist",
			);
			runOnlyForDeploymentPostprocessing = 0;
			shellPath = /bin/sh;
			shellScript = "\"${PODS_ROOT}/Target Support Files/Pods-eFitness/Pods-eFitness-frameworks.sh\"\n";
			showEnvVarsInLog = 0;
		};
		8F0A6C5E7EFD7E263109E937 /* [CP] Check Pods Manifest.lock */ = {
			isa = PBXShellScriptBuildPhase;
			buildActionMask = 2147483647;
			files = (
			);
			inputFileListPaths = (
			);
			inputPaths = (
				"${PODS_PODFILE_DIR_PATH}/Podfile.lock",
				"${PODS_ROOT}/Manifest.lock",
			);
			name = "[CP] Check Pods Manifest.lock";
			outputFileListPaths = (
			);
			outputPaths = (
				"$(DERIVED_FILE_DIR)/Pods-eFitness-checkManifestLockResult.txt",
			);
			runOnlyForDeploymentPostprocessing = 0;
			shellPath = /bin/sh;
			shellScript = "diff \"${PODS_PODFILE_DIR_PATH}/Podfile.lock\" \"${PODS_ROOT}/Manifest.lock\" > /dev/null\nif [ $? != 0 ] ; then\n    # print error to STDERR\n    echo \"error: The sandbox is not in sync with the Podfile.lock. Run 'pod install' or update your CocoaPods installation.\" >&2\n    exit 1\nfi\n# This output is used by Xcode 'outputs' to avoid re-running this script phase.\necho \"SUCCESS\" > \"${SCRIPT_OUTPUT_FILE_0}\"\n";
			showEnvVarsInLog = 0;
		};
		B2B3AFB0296390FE5C9E1D1C /* [CP] Check Pods Manifest.lock */ = {
			isa = PBXShellScriptBuildPhase;
			buildActionMask = 2147483647;
			files = (
			);
			inputFileListPaths = (
			);
			inputPaths = (
				"${PODS_PODFILE_DIR_PATH}/Podfile.lock",
				"${PODS_ROOT}/Manifest.lock",
			);
			name = "[CP] Check Pods Manifest.lock";
			outputFileListPaths = (
			);
			outputPaths = (
				"$(DERIVED_FILE_DIR)/Pods-eFitness-eFitnessUITests-checkManifestLockResult.txt",
			);
			runOnlyForDeploymentPostprocessing = 0;
			shellPath = /bin/sh;
			shellScript = "diff \"${PODS_PODFILE_DIR_PATH}/Podfile.lock\" \"${PODS_ROOT}/Manifest.lock\" > /dev/null\nif [ $? != 0 ] ; then\n    # print error to STDERR\n    echo \"error: The sandbox is not in sync with the Podfile.lock. Run 'pod install' or update your CocoaPods installation.\" >&2\n    exit 1\nfi\n# This output is used by Xcode 'outputs' to avoid re-running this script phase.\necho \"SUCCESS\" > \"${SCRIPT_OUTPUT_FILE_0}\"\n";
			showEnvVarsInLog = 0;
		};
		B3B66FE654F182FCBEDB16A2 /* [CP] Embed Pods Frameworks */ = {
			isa = PBXShellScriptBuildPhase;
			buildActionMask = 2147483647;
			files = (
			);
			inputFileListPaths = (
				"${PODS_ROOT}/Target Support Files/Pods-eFitness-eFitnessUITests/Pods-eFitness-eFitnessUITests-frameworks-${CONFIGURATION}-input-files.xcfilelist",
			);
			name = "[CP] Embed Pods Frameworks";
			outputFileListPaths = (
				"${PODS_ROOT}/Target Support Files/Pods-eFitness-eFitnessUITests/Pods-eFitness-eFitnessUITests-frameworks-${CONFIGURATION}-output-files.xcfilelist",
			);
			runOnlyForDeploymentPostprocessing = 0;
			shellPath = /bin/sh;
			shellScript = "\"${PODS_ROOT}/Target Support Files/Pods-eFitness-eFitnessUITests/Pods-eFitness-eFitnessUITests-frameworks.sh\"\n";
			showEnvVarsInLog = 0;
		};
/* End PBXShellScriptBuildPhase section */

/* Begin PBXSourcesBuildPhase section */
		1966B98B272063330030BBC9 /* Sources */ = {
			isa = PBXSourcesBuildPhase;
			buildActionMask = 2147483647;
			files = (
				19CD37F72726E8D200474862 /* HomeViewModel.swift in Sources */,
				19FA3581272F86D400110220 /* UIFont+.swift in Sources */,
				19DBDB0F272ABF400045712F /* CameraScene.swift in Sources */,
				19CD37E62726781B00474862 /* Constants.swift in Sources */,
				19FA3589272FB60C00110220 /* UIView+.swift in Sources */,
				1966BA5A27209ECF0030BBC9 /* UIViewController+.swift in Sources */,
				19B260FA272BBD9A00BC3CD4 /* VideoPlaybackScene.swift in Sources */,
				19CD37F52726E76700474862 /* FeedbackModel.swift in Sources */,
				19CD37E1272673E600474862 /* AccountScene.swift in Sources */,
				19CD37F22726E71400474862 /* EfitnessClient.swift in Sources */,
				1966B993272063330030BBC9 /* AppDelegate.swift in Sources */,
				19CD37EE2726D61700474862 /* BaseViewModel.swift in Sources */,
				1966B995272063330030BBC9 /* SceneDelegate.swift in Sources */,
				19CD37F02726DB1E00474862 /* RegisterViewModel.swift in Sources */,
				19CD37EC2726D48F00474862 /* LoginViewModel.swift in Sources */,
				1966B9CE272067DC0030BBC9 /* RegisterScene.swift in Sources */,
				1966B9D0272067EB0030BBC9 /* LoginScene.swift in Sources */,
				19FA3587272FAE2700110220 /* TextfieldValidator.swift in Sources */,
				19FA357F272F868F00110220 /* UITextField+.swift in Sources */,
				19FA3583272F871A00110220 /* UIColor+.swift in Sources */,
			);
			runOnlyForDeploymentPostprocessing = 0;
		};
		1966B9A1272063360030BBC9 /* Sources */ = {
			isa = PBXSourcesBuildPhase;
			buildActionMask = 2147483647;
			files = (
				1966B9AA272063360030BBC9 /* eFitnessTests.swift in Sources */,
			);
			runOnlyForDeploymentPostprocessing = 0;
		};
		1966B9AC272063360030BBC9 /* Sources */ = {
			isa = PBXSourcesBuildPhase;
			buildActionMask = 2147483647;
			files = (
				1966B9B5272063360030BBC9 /* eFitnessUITests.swift in Sources */,
			);
			runOnlyForDeploymentPostprocessing = 0;
		};
/* End PBXSourcesBuildPhase section */

/* Begin PBXTargetDependency section */
		1966B9A7272063360030BBC9 /* PBXTargetDependency */ = {
			isa = PBXTargetDependency;
			target = 1966B98E272063330030BBC9 /* eFitness */;
			targetProxy = 1966B9A6272063360030BBC9 /* PBXContainerItemProxy */;
		};
		1966B9B2272063360030BBC9 /* PBXTargetDependency */ = {
			isa = PBXTargetDependency;
			target = 1966B98E272063330030BBC9 /* eFitness */;
			targetProxy = 1966B9B1272063360030BBC9 /* PBXContainerItemProxy */;
		};
/* End PBXTargetDependency section */

/* Begin PBXVariantGroup section */
		1966B998272063330030BBC9 /* Main.storyboard */ = {
			isa = PBXVariantGroup;
			children = (
				1966B999272063330030BBC9 /* Base */,
			);
			name = Main.storyboard;
			sourceTree = "<group>";
		};
		1966B99D272063360030BBC9 /* LaunchScreen.storyboard */ = {
			isa = PBXVariantGroup;
			children = (
				1966B99E272063360030BBC9 /* Base */,
			);
			name = LaunchScreen.storyboard;
			sourceTree = "<group>";
		};
/* End PBXVariantGroup section */

/* Begin XCBuildConfiguration section */
		1966B9B7272063360030BBC9 /* Debug */ = {
			isa = XCBuildConfiguration;
			buildSettings = {
				ALWAYS_SEARCH_USER_PATHS = NO;
				CLANG_ANALYZER_NONNULL = YES;
				CLANG_ANALYZER_NUMBER_OBJECT_CONVERSION = YES_AGGRESSIVE;
				CLANG_CXX_LANGUAGE_STANDARD = "gnu++14";
				CLANG_CXX_LIBRARY = "libc++";
				CLANG_ENABLE_MODULES = YES;
				CLANG_ENABLE_OBJC_ARC = YES;
				CLANG_ENABLE_OBJC_WEAK = YES;
				CLANG_WARN_BLOCK_CAPTURE_AUTORELEASING = YES;
				CLANG_WARN_BOOL_CONVERSION = YES;
				CLANG_WARN_COMMA = YES;
				CLANG_WARN_CONSTANT_CONVERSION = YES;
				CLANG_WARN_DEPRECATED_OBJC_IMPLEMENTATIONS = YES;
				CLANG_WARN_DIRECT_OBJC_ISA_USAGE = YES_ERROR;
				CLANG_WARN_DOCUMENTATION_COMMENTS = YES;
				CLANG_WARN_EMPTY_BODY = YES;
				CLANG_WARN_ENUM_CONVERSION = YES;
				CLANG_WARN_INFINITE_RECURSION = YES;
				CLANG_WARN_INT_CONVERSION = YES;
				CLANG_WARN_NON_LITERAL_NULL_CONVERSION = YES;
				CLANG_WARN_OBJC_IMPLICIT_RETAIN_SELF = YES;
				CLANG_WARN_OBJC_LITERAL_CONVERSION = YES;
				CLANG_WARN_OBJC_ROOT_CLASS = YES_ERROR;
				CLANG_WARN_QUOTED_INCLUDE_IN_FRAMEWORK_HEADER = YES;
				CLANG_WARN_RANGE_LOOP_ANALYSIS = YES;
				CLANG_WARN_STRICT_PROTOTYPES = YES;
				CLANG_WARN_SUSPICIOUS_MOVE = YES;
				CLANG_WARN_UNGUARDED_AVAILABILITY = YES_AGGRESSIVE;
				CLANG_WARN_UNREACHABLE_CODE = YES;
				CLANG_WARN__DUPLICATE_METHOD_MATCH = YES;
				COPY_PHASE_STRIP = NO;
				DEBUG_INFORMATION_FORMAT = dwarf;
				ENABLE_STRICT_OBJC_MSGSEND = YES;
				ENABLE_TESTABILITY = YES;
				GCC_C_LANGUAGE_STANDARD = gnu11;
				GCC_DYNAMIC_NO_PIC = NO;
				GCC_NO_COMMON_BLOCKS = YES;
				GCC_OPTIMIZATION_LEVEL = 0;
				GCC_PREPROCESSOR_DEFINITIONS = (
					"DEBUG=1",
					"$(inherited)",
				);
				GCC_WARN_64_TO_32_BIT_CONVERSION = YES;
				GCC_WARN_ABOUT_RETURN_TYPE = YES_ERROR;
				GCC_WARN_UNDECLARED_SELECTOR = YES;
				GCC_WARN_UNINITIALIZED_AUTOS = YES_AGGRESSIVE;
				GCC_WARN_UNUSED_FUNCTION = YES;
				GCC_WARN_UNUSED_VARIABLE = YES;
				IPHONEOS_DEPLOYMENT_TARGET = 14.5;
				MTL_ENABLE_DEBUG_INFO = INCLUDE_SOURCE;
				MTL_FAST_MATH = YES;
				ONLY_ACTIVE_ARCH = YES;
				SDKROOT = iphoneos;
				SWIFT_ACTIVE_COMPILATION_CONDITIONS = DEBUG;
				SWIFT_OPTIMIZATION_LEVEL = "-Onone";
			};
			name = Debug;
		};
		1966B9B8272063360030BBC9 /* Release */ = {
			isa = XCBuildConfiguration;
			buildSettings = {
				ALWAYS_SEARCH_USER_PATHS = NO;
				CLANG_ANALYZER_NONNULL = YES;
				CLANG_ANALYZER_NUMBER_OBJECT_CONVERSION = YES_AGGRESSIVE;
				CLANG_CXX_LANGUAGE_STANDARD = "gnu++14";
				CLANG_CXX_LIBRARY = "libc++";
				CLANG_ENABLE_MODULES = YES;
				CLANG_ENABLE_OBJC_ARC = YES;
				CLANG_ENABLE_OBJC_WEAK = YES;
				CLANG_WARN_BLOCK_CAPTURE_AUTORELEASING = YES;
				CLANG_WARN_BOOL_CONVERSION = YES;
				CLANG_WARN_COMMA = YES;
				CLANG_WARN_CONSTANT_CONVERSION = YES;
				CLANG_WARN_DEPRECATED_OBJC_IMPLEMENTATIONS = YES;
				CLANG_WARN_DIRECT_OBJC_ISA_USAGE = YES_ERROR;
				CLANG_WARN_DOCUMENTATION_COMMENTS = YES;
				CLANG_WARN_EMPTY_BODY = YES;
				CLANG_WARN_ENUM_CONVERSION = YES;
				CLANG_WARN_INFINITE_RECURSION = YES;
				CLANG_WARN_INT_CONVERSION = YES;
				CLANG_WARN_NON_LITERAL_NULL_CONVERSION = YES;
				CLANG_WARN_OBJC_IMPLICIT_RETAIN_SELF = YES;
				CLANG_WARN_OBJC_LITERAL_CONVERSION = YES;
				CLANG_WARN_OBJC_ROOT_CLASS = YES_ERROR;
				CLANG_WARN_QUOTED_INCLUDE_IN_FRAMEWORK_HEADER = YES;
				CLANG_WARN_RANGE_LOOP_ANALYSIS = YES;
				CLANG_WARN_STRICT_PROTOTYPES = YES;
				CLANG_WARN_SUSPICIOUS_MOVE = YES;
				CLANG_WARN_UNGUARDED_AVAILABILITY = YES_AGGRESSIVE;
				CLANG_WARN_UNREACHABLE_CODE = YES;
				CLANG_WARN__DUPLICATE_METHOD_MATCH = YES;
				COPY_PHASE_STRIP = NO;
				DEBUG_INFORMATION_FORMAT = "dwarf-with-dsym";
				ENABLE_NS_ASSERTIONS = NO;
				ENABLE_STRICT_OBJC_MSGSEND = YES;
				GCC_C_LANGUAGE_STANDARD = gnu11;
				GCC_NO_COMMON_BLOCKS = YES;
				GCC_WARN_64_TO_32_BIT_CONVERSION = YES;
				GCC_WARN_ABOUT_RETURN_TYPE = YES_ERROR;
				GCC_WARN_UNDECLARED_SELECTOR = YES;
				GCC_WARN_UNINITIALIZED_AUTOS = YES_AGGRESSIVE;
				GCC_WARN_UNUSED_FUNCTION = YES;
				GCC_WARN_UNUSED_VARIABLE = YES;
				IPHONEOS_DEPLOYMENT_TARGET = 14.5;
				MTL_ENABLE_DEBUG_INFO = NO;
				MTL_FAST_MATH = YES;
				SDKROOT = iphoneos;
				SWIFT_COMPILATION_MODE = wholemodule;
				SWIFT_OPTIMIZATION_LEVEL = "-O";
				VALIDATE_PRODUCT = YES;
			};
			name = Release;
		};
		1966B9BA272063360030BBC9 /* Debug */ = {
			isa = XCBuildConfiguration;
			baseConfigurationReference = B4EB2E178DCF7A71BC2446E0 /* Pods-eFitness.debug.xcconfig */;
			buildSettings = {
				ASSETCATALOG_COMPILER_APPICON_NAME = AppIcon;
				ASSETCATALOG_COMPILER_GLOBAL_ACCENT_COLOR_NAME = AccentColor;
				CODE_SIGN_STYLE = Automatic;
				DEVELOPMENT_TEAM = YS8PS8335D;
				INFOPLIST_FILE = eFitness/Info.plist;
				LD_RUNPATH_SEARCH_PATHS = (
					"$(inherited)",
					"@executable_path/Frameworks",
				);
				PRODUCT_BUNDLE_IDENTIFIER = maina.eFitness;
				PRODUCT_NAME = "$(TARGET_NAME)";
				SWIFT_VERSION = 5.0;
				TARGETED_DEVICE_FAMILY = "1,2";
			};
			name = Debug;
		};
		1966B9BB272063360030BBC9 /* Release */ = {
			isa = XCBuildConfiguration;
			baseConfigurationReference = 92E145E6041DEB5E94221D08 /* Pods-eFitness.release.xcconfig */;
			buildSettings = {
				ASSETCATALOG_COMPILER_APPICON_NAME = AppIcon;
				ASSETCATALOG_COMPILER_GLOBAL_ACCENT_COLOR_NAME = AccentColor;
				CODE_SIGN_STYLE = Automatic;
				DEVELOPMENT_TEAM = YS8PS8335D;
				INFOPLIST_FILE = eFitness/Info.plist;
				LD_RUNPATH_SEARCH_PATHS = (
					"$(inherited)",
					"@executable_path/Frameworks",
				);
				PRODUCT_BUNDLE_IDENTIFIER = maina.eFitness;
				PRODUCT_NAME = "$(TARGET_NAME)";
				SWIFT_VERSION = 5.0;
				TARGETED_DEVICE_FAMILY = "1,2";
			};
			name = Release;
		};
		1966B9BD272063360030BBC9 /* Debug */ = {
			isa = XCBuildConfiguration;
			baseConfigurationReference = 4BAC2478ECE6772FBA0E0754 /* Pods-eFitnessTests.debug.xcconfig */;
			buildSettings = {
				ALWAYS_EMBED_SWIFT_STANDARD_LIBRARIES = YES;
				BUNDLE_LOADER = "$(TEST_HOST)";
				CODE_SIGN_STYLE = Automatic;
				DEVELOPMENT_TEAM = YS8PS8335D;
				INFOPLIST_FILE = eFitnessTests/Info.plist;
				IPHONEOS_DEPLOYMENT_TARGET = 14.5;
				LD_RUNPATH_SEARCH_PATHS = (
					"$(inherited)",
					"@executable_path/Frameworks",
					"@loader_path/Frameworks",
				);
				PRODUCT_BUNDLE_IDENTIFIER = maina.eFitnessTests;
				PRODUCT_NAME = "$(TARGET_NAME)";
				SWIFT_VERSION = 5.0;
				TARGETED_DEVICE_FAMILY = "1,2";
				TEST_HOST = "$(BUILT_PRODUCTS_DIR)/eFitness.app/eFitness";
			};
			name = Debug;
		};
		1966B9BE272063360030BBC9 /* Release */ = {
			isa = XCBuildConfiguration;
			baseConfigurationReference = EB3E230D7B4C9372EDA29AEE /* Pods-eFitnessTests.release.xcconfig */;
			buildSettings = {
				ALWAYS_EMBED_SWIFT_STANDARD_LIBRARIES = YES;
				BUNDLE_LOADER = "$(TEST_HOST)";
				CODE_SIGN_STYLE = Automatic;
				DEVELOPMENT_TEAM = YS8PS8335D;
				INFOPLIST_FILE = eFitnessTests/Info.plist;
				IPHONEOS_DEPLOYMENT_TARGET = 14.5;
				LD_RUNPATH_SEARCH_PATHS = (
					"$(inherited)",
					"@executable_path/Frameworks",
					"@loader_path/Frameworks",
				);
				PRODUCT_BUNDLE_IDENTIFIER = maina.eFitnessTests;
				PRODUCT_NAME = "$(TARGET_NAME)";
				SWIFT_VERSION = 5.0;
				TARGETED_DEVICE_FAMILY = "1,2";
				TEST_HOST = "$(BUILT_PRODUCTS_DIR)/eFitness.app/eFitness";
			};
			name = Release;
		};
		1966B9C0272063360030BBC9 /* Debug */ = {
			isa = XCBuildConfiguration;
			baseConfigurationReference = 6CEC86272B8A5B9BCA2B360F /* Pods-eFitness-eFitnessUITests.debug.xcconfig */;
			buildSettings = {
				ALWAYS_EMBED_SWIFT_STANDARD_LIBRARIES = YES;
				CODE_SIGN_STYLE = Automatic;
				DEVELOPMENT_TEAM = YS8PS8335D;
				INFOPLIST_FILE = eFitnessUITests/Info.plist;
				LD_RUNPATH_SEARCH_PATHS = (
					"$(inherited)",
					"@executable_path/Frameworks",
					"@loader_path/Frameworks",
				);
				PRODUCT_BUNDLE_IDENTIFIER = maina.eFitnessUITests;
				PRODUCT_NAME = "$(TARGET_NAME)";
				SWIFT_VERSION = 5.0;
				TARGETED_DEVICE_FAMILY = "1,2";
				TEST_TARGET_NAME = eFitness;
			};
			name = Debug;
		};
		1966B9C1272063360030BBC9 /* Release */ = {
			isa = XCBuildConfiguration;
			baseConfigurationReference = A7DD3078FA9BFE3B177D94D5 /* Pods-eFitness-eFitnessUITests.release.xcconfig */;
			buildSettings = {
				ALWAYS_EMBED_SWIFT_STANDARD_LIBRARIES = YES;
				CODE_SIGN_STYLE = Automatic;
				DEVELOPMENT_TEAM = YS8PS8335D;
				INFOPLIST_FILE = eFitnessUITests/Info.plist;
				LD_RUNPATH_SEARCH_PATHS = (
					"$(inherited)",
					"@executable_path/Frameworks",
					"@loader_path/Frameworks",
				);
				PRODUCT_BUNDLE_IDENTIFIER = maina.eFitnessUITests;
				PRODUCT_NAME = "$(TARGET_NAME)";
				SWIFT_VERSION = 5.0;
				TARGETED_DEVICE_FAMILY = "1,2";
				TEST_TARGET_NAME = eFitness;
			};
			name = Release;
		};
/* End XCBuildConfiguration section */

/* Begin XCConfigurationList section */
		1966B98A272063330030BBC9 /* Build configuration list for PBXProject "eFitness" */ = {
			isa = XCConfigurationList;
			buildConfigurations = (
				1966B9B7272063360030BBC9 /* Debug */,
				1966B9B8272063360030BBC9 /* Release */,
			);
			defaultConfigurationIsVisible = 0;
			defaultConfigurationName = Release;
		};
		1966B9B9272063360030BBC9 /* Build configuration list for PBXNativeTarget "eFitness" */ = {
			isa = XCConfigurationList;
			buildConfigurations = (
				1966B9BA272063360030BBC9 /* Debug */,
				1966B9BB272063360030BBC9 /* Release */,
			);
			defaultConfigurationIsVisible = 0;
			defaultConfigurationName = Release;
		};
		1966B9BC272063360030BBC9 /* Build configuration list for PBXNativeTarget "eFitnessTests" */ = {
			isa = XCConfigurationList;
			buildConfigurations = (
				1966B9BD272063360030BBC9 /* Debug */,
				1966B9BE272063360030BBC9 /* Release */,
			);
			defaultConfigurationIsVisible = 0;
			defaultConfigurationName = Release;
		};
		1966B9BF272063360030BBC9 /* Build configuration list for PBXNativeTarget "eFitnessUITests" */ = {
			isa = XCConfigurationList;
			buildConfigurations = (
				1966B9C0272063360030BBC9 /* Debug */,
				1966B9C1272063360030BBC9 /* Release */,
			);
			defaultConfigurationIsVisible = 0;
			defaultConfigurationName = Release;
		};
/* End XCConfigurationList section */
	};
	rootObject = 1966B987272063330030BBC9 /* Project object */;
}
