// !$*UTF8*$!
{
	archiveVersion = 1;
	classes = {
	};
	objectVersion = 50;
	objects = {

/* Begin PBXBuildFile section */
		1966B993272063330030BBC9 /* AppDelegate.swift in Sources */ = {isa = PBXBuildFile; fileRef = 1966B992272063330030BBC9 /* AppDelegate.swift */; };
		1966B995272063330030BBC9 /* SceneDelegate.swift in Sources */ = {isa = PBXBuildFile; fileRef = 1966B994272063330030BBC9 /* SceneDelegate.swift */; };
		1966B997272063330030BBC9 /* ViewController.swift in Sources */ = {isa = PBXBuildFile; fileRef = 1966B996272063330030BBC9 /* ViewController.swift */; };
		1966B99A272063330030BBC9 /* Main.storyboard in Resources */ = {isa = PBXBuildFile; fileRef = 1966B998272063330030BBC9 /* Main.storyboard */; };
		1966B99C272063360030BBC9 /* Assets.xcassets in Resources */ = {isa = PBXBuildFile; fileRef = 1966B99B272063360030BBC9 /* Assets.xcassets */; };
		1966B99F272063360030BBC9 /* LaunchScreen.storyboard in Resources */ = {isa = PBXBuildFile; fileRef = 1966B99D272063360030BBC9 /* LaunchScreen.storyboard */; };
		1966B9AA272063360030BBC9 /* eFitnessTests.swift in Sources */ = {isa = PBXBuildFile; fileRef = 1966B9A9272063360030BBC9 /* eFitnessTests.swift */; };
		1966B9B5272063360030BBC9 /* eFitnessUITests.swift in Sources */ = {isa = PBXBuildFile; fileRef = 1966B9B4272063360030BBC9 /* eFitnessUITests.swift */; };
/* End PBXBuildFile section */

/* Begin PBXContainerItemProxy section */
		1966B9A6272063360030BBC9 /* PBXContainerItemProxy */ = {
			isa = PBXContainerItemProxy;
			containerPortal = 1966B987272063330030BBC9 /* Project object */;
			proxyType = 1;
			remoteGlobalIDString = 1966B98E272063330030BBC9;
			remoteInfo = eFitness;
		};
		1966B9B1272063360030BBC9 /* PBXContainerItemProxy */ = {
			isa = PBXContainerItemProxy;
			containerPortal = 1966B987272063330030BBC9 /* Project object */;
			proxyType = 1;
			remoteGlobalIDString = 1966B98E272063330030BBC9;
			remoteInfo = eFitness;
		};
/* End PBXContainerItemProxy section */

/* Begin PBXFileReference section */
		1966B98F272063330030BBC9 /* eFitness.app */ = {isa = PBXFileReference; explicitFileType = wrapper.application; includeInIndex = 0; path = eFitness.app; sourceTree = BUILT_PRODUCTS_DIR; };
		1966B992272063330030BBC9 /* AppDelegate.swift */ = {isa = PBXFileReference; lastKnownFileType = sourcecode.swift; path = AppDelegate.swift; sourceTree = "<group>"; };
		1966B994272063330030BBC9 /* SceneDelegate.swift */ = {isa = PBXFileReference; lastKnownFileType = sourcecode.swift; path = SceneDelegate.swift; sourceTree = "<group>"; };
		1966B996272063330030BBC9 /* ViewController.swift */ = {isa = PBXFileReference; lastKnownFileType = sourcecode.swift; path = ViewController.swift; sourceTree = "<group>"; };
		1966B999272063330030BBC9 /* Base */ = {isa = PBXFileReference; lastKnownFileType = file.storyboard; name = Base; path = Base.lproj/Main.storyboard; sourceTree = "<group>"; };
		1966B99B272063360030BBC9 /* Assets.xcassets */ = {isa = PBXFileReference; lastKnownFileType = folder.assetcatalog; path = Assets.xcassets; sourceTree = "<group>"; };
		1966B99E272063360030BBC9 /* Base */ = {isa = PBXFileReference; lastKnownFileType = file.storyboard; name = Base; path = Base.lproj/LaunchScreen.storyboard; sourceTree = "<group>"; };
		1966B9A0272063360030BBC9 /* Info.plist */ = {isa = PBXFileReference; lastKnownFileType = text.plist.xml; path = Info.plist; sourceTree = "<group>"; };
		1966B9A5272063360030BBC9 /* eFitnessTests.xctest */ = {isa = PBXFileReference; explicitFileType = wrapper.cfbundle; includeInIndex = 0; path = eFitnessTests.xctest; sourceTree = BUILT_PRODUCTS_DIR; };
		1966B9A9272063360030BBC9 /* eFitnessTests.swift */ = {isa = PBXFileReference; lastKnownFileType = sourcecode.swift; path = eFitnessTests.swift; sourceTree = "<group>"; };
		1966B9AB272063360030BBC9 /* Info.plist */ = {isa = PBXFileReference; lastKnownFileType = text.plist.xml; path = Info.plist; sourceTree = "<group>"; };
		1966B9B0272063360030BBC9 /* eFitnessUITests.xctest */ = {isa = PBXFileReference; explicitFileType = wrapper.cfbundle; includeInIndex = 0; path = eFitnessUITests.xctest; sourceTree = BUILT_PRODUCTS_DIR; };
		1966B9B4272063360030BBC9 /* eFitnessUITests.swift */ = {isa = PBXFileReference; lastKnownFileType = sourcecode.swift; path = eFitnessUITests.swift; sourceTree = "<group>"; };
		1966B9B6272063360030BBC9 /* Info.plist */ = {isa = PBXFileReference; lastKnownFileType = text.plist.xml; path = Info.plist; sourceTree = "<group>"; };
/* End PBXFileReference section */

/* Begin PBXFrameworksBuildPhase section */
		1966B98C272063330030BBC9 /* Frameworks */ = {
			isa = PBXFrameworksBuildPhase;
			buildActionMask = 2147483647;
			files = (
			);
			runOnlyForDeploymentPostprocessing = 0;
		};
		1966B9A2272063360030BBC9 /* Frameworks */ = {
			isa = PBXFrameworksBuildPhase;
			buildActionMask = 2147483647;
			files = (
			);
			runOnlyForDeploymentPostprocessing = 0;
		};
		1966B9AD272063360030BBC9 /* Frameworks */ = {
			isa = PBXFrameworksBuildPhase;
			buildActionMask = 2147483647;
			files = (
			);
			runOnlyForDeploymentPostprocessing = 0;
		};
/* End PBXFrameworksBuildPhase section */

/* Begin PBXGroup section */
		1966B986272063330030BBC9 = {
			isa = PBXGroup;
			children = (
				1966B991272063330030BBC9 /* eFitness */,
				1966B9A8272063360030BBC9 /* eFitnessTests */,
				1966B9B3272063360030BBC9 /* eFitnessUITests */,
				1966B990272063330030BBC9 /* Products */,
			);
			sourceTree = "<group>";
		};
		1966B990272063330030BBC9 /* Products */ = {
			isa = PBXGroup;
			children = (
				1966B98F272063330030BBC9 /* eFitness.app */,
				1966B9A5272063360030BBC9 /* eFitnessTests.xctest */,
				1966B9B0272063360030BBC9 /* eFitnessUITests.xctest */,
			);
			name = Products;
			sourceTree = "<group>";
		};
		1966B991272063330030BBC9 /* eFitness */ = {
			isa = PBXGroup;
			children = (
				1966B992272063330030BBC9 /* AppDelegate.swift */,
				1966B994272063330030BBC9 /* SceneDelegate.swift */,
				1966B996272063330030BBC9 /* ViewController.swift */,
				1966B998272063330030BBC9 /* Main.storyboard */,
				1966B99B272063360030BBC9 /* Assets.xcassets */,
				1966B99D272063360030BBC9 /* LaunchScreen.storyboard */,
				1966B9A0272063360030BBC9 /* Info.plist */,
			);
			path = eFitness;
			sourceTree = "<group>";
		};
		1966B9A8272063360030BBC9 /* eFitnessTests */ = {
			isa = PBXGroup;
			children = (
				1966B9A9272063360030BBC9 /* eFitnessTests.swift */,
				1966B9AB272063360030BBC9 /* Info.plist */,
			);
			path = eFitnessTests;
			sourceTree = "<group>";
		};
		1966B9B3272063360030BBC9 /* eFitnessUITests */ = {
			isa = PBXGroup;
			children = (
				1966B9B4272063360030BBC9 /* eFitnessUITests.swift */,
				1966B9B6272063360030BBC9 /* Info.plist */,
			);
			path = eFitnessUITests;
			sourceTree = "<group>";
		};
/* End PBXGroup section */

/* Begin PBXNativeTarget section */
		1966B98E272063330030BBC9 /* eFitness */ = {
			isa = PBXNativeTarget;
			buildConfigurationList = 1966B9B9272063360030BBC9 /* Build configuration list for PBXNativeTarget "eFitness" */;
			buildPhases = (
				1966B98B272063330030BBC9 /* Sources */,
				1966B98C272063330030BBC9 /* Frameworks */,
				1966B98D272063330030BBC9 /* Resources */,
			);
			buildRules = (
			);
			dependencies = (
			);
			name = eFitness;
			productName = eFitness;
			productReference = 1966B98F272063330030BBC9 /* eFitness.app */;
			productType = "com.apple.product-type.application";
		};
		1966B9A4272063360030BBC9 /* eFitnessTests */ = {
			isa = PBXNativeTarget;
			buildConfigurationList = 1966B9BC272063360030BBC9 /* Build configuration list for PBXNativeTarget "eFitnessTests" */;
			buildPhases = (
				1966B9A1272063360030BBC9 /* Sources */,
				1966B9A2272063360030BBC9 /* Frameworks */,
				1966B9A3272063360030BBC9 /* Resources */,
			);
			buildRules = (
			);
			dependencies = (
				1966B9A7272063360030BBC9 /* PBXTargetDependency */,
			);
			name = eFitnessTests;
			productName = eFitnessTests;
			productReference = 1966B9A5272063360030BBC9 /* eFitnessTests.xctest */;
			productType = "com.apple.product-type.bundle.unit-test";
		};
		1966B9AF272063360030BBC9 /* eFitnessUITests */ = {
			isa = PBXNativeTarget;
			buildConfigurationList = 1966B9BF272063360030BBC9 /* Build configuration list for PBXNativeTarget "eFitnessUITests" */;
			buildPhases = (
				1966B9AC272063360030BBC9 /* Sources */,
				1966B9AD272063360030BBC9 /* Frameworks */,
				1966B9AE272063360030BBC9 /* Resources */,
			);
			buildRules = (
			);
			dependencies = (
				1966B9B2272063360030BBC9 /* PBXTargetDependency */,
			);
			name = eFitnessUITests;
			productName = eFitnessUITests;
			productReference = 1966B9B0272063360030BBC9 /* eFitnessUITests.xctest */;
			productType = "com.apple.product-type.bundle.ui-testing";
		};
/* End PBXNativeTarget section */

/* Begin PBXProject section */
		1966B987272063330030BBC9 /* Project object */ = {
			isa = PBXProject;
			attributes = {
				LastSwiftUpdateCheck = 1250;
				LastUpgradeCheck = 1250;
				TargetAttributes = {
					1966B98E272063330030BBC9 = {
						CreatedOnToolsVersion = 12.5.1;
					};
					1966B9A4272063360030BBC9 = {
						CreatedOnToolsVersion = 12.5.1;
						TestTargetID = 1966B98E272063330030BBC9;
					};
					1966B9AF272063360030BBC9 = {
						CreatedOnToolsVersion = 12.5.1;
						TestTargetID = 1966B98E272063330030BBC9;
					};
				};
			};
			buildConfigurationList = 1966B98A272063330030BBC9 /* Build configuration list for PBXProject "eFitness" */;
			compatibilityVersion = "Xcode 9.3";
			developmentRegion = en;
			hasScannedForEncodings = 0;
			knownRegions = (
				en,
				Base,
			);
			mainGroup = 1966B986272063330030BBC9;
			productRefGroup = 1966B990272063330030BBC9 /* Products */;
			projectDirPath = "";
			projectRoot = "";
			targets = (
				1966B98E272063330030BBC9 /* eFitness */,
				1966B9A4272063360030BBC9 /* eFitnessTests */,
				1966B9AF272063360030BBC9 /* eFitnessUITests */,
			);
		};
/* End PBXProject section */

/* Begin PBXResourcesBuildPhase section */
		1966B98D272063330030BBC9 /* Resources */ = {
			isa = PBXResourcesBuildPhase;
			buildActionMask = 2147483647;
			files = (
				1966B99F272063360030BBC9 /* LaunchScreen.storyboard in Resources */,
				1966B99C272063360030BBC9 /* Assets.xcassets in Resources */,
				1966B99A272063330030BBC9 /* Main.storyboard in Resources */,
			);
			runOnlyForDeploymentPostprocessing = 0;
		};
		1966B9A3272063360030BBC9 /* Resources */ = {
			isa = PBXResourcesBuildPhase;
			buildActionMask = 2147483647;
			files = (
			);
			runOnlyForDeploymentPostprocessing = 0;
		};
		1966B9AE272063360030BBC9 /* Resources */ = {
			isa = PBXResourcesBuildPhase;
			buildActionMask = 2147483647;
			files = (
			);
			runOnlyForDeploymentPostprocessing = 0;
		};
/* End PBXResourcesBuildPhase section */

/* Begin PBXSourcesBuildPhase section */
		1966B98B272063330030BBC9 /* Sources */ = {
			isa = PBXSourcesBuildPhase;
			buildActionMask = 2147483647;
			files = (
				1966B997272063330030BBC9 /* ViewController.swift in Sources */,
				1966B993272063330030BBC9 /* AppDelegate.swift in Sources */,
				1966B995272063330030BBC9 /* SceneDelegate.swift in Sources */,
			);
			runOnlyForDeploymentPostprocessing = 0;
		};
		1966B9A1272063360030BBC9 /* Sources */ = {
			isa = PBXSourcesBuildPhase;
			buildActionMask = 2147483647;
			files = (
				1966B9AA272063360030BBC9 /* eFitnessTests.swift in Sources */,
			);
			runOnlyForDeploymentPostprocessing = 0;
		};
		1966B9AC272063360030BBC9 /* Sources */ = {
			isa = PBXSourcesBuildPhase;
			buildActionMask = 2147483647;
			files = (
				1966B9B5272063360030BBC9 /* eFitnessUITests.swift in Sources */,
			);
			runOnlyForDeploymentPostprocessing = 0;
		};
/* End PBXSourcesBuildPhase section */

/* Begin PBXTargetDependency section */
		1966B9A7272063360030BBC9 /* PBXTargetDependency */ = {
			isa = PBXTargetDependency;
			target = 1966B98E272063330030BBC9 /* eFitness */;
			targetProxy = 1966B9A6272063360030BBC9 /* PBXContainerItemProxy */;
		};
		1966B9B2272063360030BBC9 /* PBXTargetDependency */ = {
			isa = PBXTargetDependency;
			target = 1966B98E272063330030BBC9 /* eFitness */;
			targetProxy = 1966B9B1272063360030BBC9 /* PBXContainerItemProxy */;
		};
/* End PBXTargetDependency section */

/* Begin PBXVariantGroup section */
		1966B998272063330030BBC9 /* Main.storyboard */ = {
			isa = PBXVariantGroup;
			children = (
				1966B999272063330030BBC9 /* Base */,
			);
			name = Main.storyboard;
			sourceTree = "<group>";
		};
		1966B99D272063360030BBC9 /* LaunchScreen.storyboard */ = {
			isa = PBXVariantGroup;
			children = (
				1966B99E272063360030BBC9 /* Base */,
			);
			name = LaunchScreen.storyboard;
			sourceTree = "<group>";
		};
/* End PBXVariantGroup section */

/* Begin XCBuildConfiguration section */
		1966B9B7272063360030BBC9 /* Debug */ = {
			isa = XCBuildConfiguration;
			buildSettings = {
				ALWAYS_SEARCH_USER_PATHS = NO;
				CLANG_ANALYZER_NONNULL = YES;
				CLANG_ANALYZER_NUMBER_OBJECT_CONVERSION = YES_AGGRESSIVE;
				CLANG_CXX_LANGUAGE_STANDARD = "gnu++14";
				CLANG_CXX_LIBRARY = "libc++";
				CLANG_ENABLE_MODULES = YES;
				CLANG_ENABLE_OBJC_ARC = YES;
				CLANG_ENABLE_OBJC_WEAK = YES;
				CLANG_WARN_BLOCK_CAPTURE_AUTORELEASING = YES;
				CLANG_WARN_BOOL_CONVERSION = YES;
				CLANG_WARN_COMMA = YES;
				CLANG_WARN_CONSTANT_CONVERSION = YES;
				CLANG_WARN_DEPRECATED_OBJC_IMPLEMENTATIONS = YES;
				CLANG_WARN_DIRECT_OBJC_ISA_USAGE = YES_ERROR;
				CLANG_WARN_DOCUMENTATION_COMMENTS = YES;
				CLANG_WARN_EMPTY_BODY = YES;
				CLANG_WARN_ENUM_CONVERSION = YES;
				CLANG_WARN_INFINITE_RECURSION = YES;
				CLANG_WARN_INT_CONVERSION = YES;
				CLANG_WARN_NON_LITERAL_NULL_CONVERSION = YES;
				CLANG_WARN_OBJC_IMPLICIT_RETAIN_SELF = YES;
				CLANG_WARN_OBJC_LITERAL_CONVERSION = YES;
				CLANG_WARN_OBJC_ROOT_CLASS = YES_ERROR;
				CLANG_WARN_QUOTED_INCLUDE_IN_FRAMEWORK_HEADER = YES;
				CLANG_WARN_RANGE_LOOP_ANALYSIS = YES;
				CLANG_WARN_STRICT_PROTOTYPES = YES;
				CLANG_WARN_SUSPICIOUS_MOVE = YES;
				CLANG_WARN_UNGUARDED_AVAILABILITY = YES_AGGRESSIVE;
				CLANG_WARN_UNREACHABLE_CODE = YES;
				CLANG_WARN__DUPLICATE_METHOD_MATCH = YES;
				COPY_PHASE_STRIP = NO;
				DEBUG_INFORMATION_FORMAT = dwarf;
				ENABLE_STRICT_OBJC_MSGSEND = YES;
				ENABLE_TESTABILITY = YES;
				GCC_C_LANGUAGE_STANDARD = gnu11;
				GCC_DYNAMIC_NO_PIC = NO;
				GCC_NO_COMMON_BLOCKS = YES;
				GCC_OPTIMIZATION_LEVEL = 0;
				GCC_PREPROCESSOR_DEFINITIONS = (
					"DEBUG=1",
					"$(inherited)",
				);
				GCC_WARN_64_TO_32_BIT_CONVERSION = YES;
				GCC_WARN_ABOUT_RETURN_TYPE = YES_ERROR;
				GCC_WARN_UNDECLARED_SELECTOR = YES;
				GCC_WARN_UNINITIALIZED_AUTOS = YES_AGGRESSIVE;
				GCC_WARN_UNUSED_FUNCTION = YES;
				GCC_WARN_UNUSED_VARIABLE = YES;
				IPHONEOS_DEPLOYMENT_TARGET = 14.5;
				MTL_ENABLE_DEBUG_INFO = INCLUDE_SOURCE;
				MTL_FAST_MATH = YES;
				ONLY_ACTIVE_ARCH = YES;
				SDKROOT = iphoneos;
				SWIFT_ACTIVE_COMPILATION_CONDITIONS = DEBUG;
				SWIFT_OPTIMIZATION_LEVEL = "-Onone";
			};
			name = Debug;
		};
		1966B9B8272063360030BBC9 /* Release */ = {
			isa = XCBuildConfiguration;
			buildSettings = {
				ALWAYS_SEARCH_USER_PATHS = NO;
				CLANG_ANALYZER_NONNULL = YES;
				CLANG_ANALYZER_NUMBER_OBJECT_CONVERSION = YES_AGGRESSIVE;
				CLANG_CXX_LANGUAGE_STANDARD = "gnu++14";
				CLANG_CXX_LIBRARY = "libc++";
				CLANG_ENABLE_MODULES = YES;
				CLANG_ENABLE_OBJC_ARC = YES;
				CLANG_ENABLE_OBJC_WEAK = YES;
				CLANG_WARN_BLOCK_CAPTURE_AUTORELEASING = YES;
				CLANG_WARN_BOOL_CONVERSION = YES;
				CLANG_WARN_COMMA = YES;
				CLANG_WARN_CONSTANT_CONVERSION = YES;
				CLANG_WARN_DEPRECATED_OBJC_IMPLEMENTATIONS = YES;
				CLANG_WARN_DIRECT_OBJC_ISA_USAGE = YES_ERROR;
				CLANG_WARN_DOCUMENTATION_COMMENTS = YES;
				CLANG_WARN_EMPTY_BODY = YES;
				CLANG_WARN_ENUM_CONVERSION = YES;
				CLANG_WARN_INFINITE_RECURSION = YES;
				CLANG_WARN_INT_CONVERSION = YES;
				CLANG_WARN_NON_LITERAL_NULL_CONVERSION = YES;
				CLANG_WARN_OBJC_IMPLICIT_RETAIN_SELF = YES;
				CLANG_WARN_OBJC_LITERAL_CONVERSION = YES;
				CLANG_WARN_OBJC_ROOT_CLASS = YES_ERROR;
				CLANG_WARN_QUOTED_INCLUDE_IN_FRAMEWORK_HEADER = YES;
				CLANG_WARN_RANGE_LOOP_ANALYSIS = YES;
				CLANG_WARN_STRICT_PROTOTYPES = YES;
				CLANG_WARN_SUSPICIOUS_MOVE = YES;
				CLANG_WARN_UNGUARDED_AVAILABILITY = YES_AGGRESSIVE;
				CLANG_WARN_UNREACHABLE_CODE = YES;
				CLANG_WARN__DUPLICATE_METHOD_MATCH = YES;
				COPY_PHASE_STRIP = NO;
				DEBUG_INFORMATION_FORMAT = "dwarf-with-dsym";
				ENABLE_NS_ASSERTIONS = NO;
				ENABLE_STRICT_OBJC_MSGSEND = YES;
				GCC_C_LANGUAGE_STANDARD = gnu11;
				GCC_NO_COMMON_BLOCKS = YES;
				GCC_WARN_64_TO_32_BIT_CONVERSION = YES;
				GCC_WARN_ABOUT_RETURN_TYPE = YES_ERROR;
				GCC_WARN_UNDECLARED_SELECTOR = YES;
				GCC_WARN_UNINITIALIZED_AUTOS = YES_AGGRESSIVE;
				GCC_WARN_UNUSED_FUNCTION = YES;
				GCC_WARN_UNUSED_VARIABLE = YES;
				IPHONEOS_DEPLOYMENT_TARGET = 14.5;
				MTL_ENABLE_DEBUG_INFO = NO;
				MTL_FAST_MATH = YES;
				SDKROOT = iphoneos;
				SWIFT_COMPILATION_MODE = wholemodule;
				SWIFT_OPTIMIZATION_LEVEL = "-O";
				VALIDATE_PRODUCT = YES;
			};
			name = Release;
		};
		1966B9BA272063360030BBC9 /* Debug */ = {
			isa = XCBuildConfiguration;
			buildSettings = {
				ASSETCATALOG_COMPILER_APPICON_NAME = AppIcon;
				ASSETCATALOG_COMPILER_GLOBAL_ACCENT_COLOR_NAME = AccentColor;
				CODE_SIGN_STYLE = Automatic;
				DEVELOPMENT_TEAM = YS8PS8335D;
				INFOPLIST_FILE = eFitness/Info.plist;
				LD_RUNPATH_SEARCH_PATHS = (
					"$(inherited)",
					"@executable_path/Frameworks",
				);
				PRODUCT_BUNDLE_IDENTIFIER = maina.eFitness;
				PRODUCT_NAME = "$(TARGET_NAME)";
				SWIFT_VERSION = 5.0;
				TARGETED_DEVICE_FAMILY = "1,2";
			};
			name = Debug;
		};
		1966B9BB272063360030BBC9 /* Release */ = {
			isa = XCBuildConfiguration;
			buildSettings = {
				ASSETCATALOG_COMPILER_APPICON_NAME = AppIcon;
				ASSETCATALOG_COMPILER_GLOBAL_ACCENT_COLOR_NAME = AccentColor;
				CODE_SIGN_STYLE = Automatic;
				DEVELOPMENT_TEAM = YS8PS8335D;
				INFOPLIST_FILE = eFitness/Info.plist;
				LD_RUNPATH_SEARCH_PATHS = (
					"$(inherited)",
					"@executable_path/Frameworks",
				);
				PRODUCT_BUNDLE_IDENTIFIER = maina.eFitness;
				PRODUCT_NAME = "$(TARGET_NAME)";
				SWIFT_VERSION = 5.0;
				TARGETED_DEVICE_FAMILY = "1,2";
			};
			name = Release;
		};
		1966B9BD272063360030BBC9 /* Debug */ = {
			isa = XCBuildConfiguration;
			buildSettings = {
				ALWAYS_EMBED_SWIFT_STANDARD_LIBRARIES = YES;
				BUNDLE_LOADER = "$(TEST_HOST)";
				CODE_SIGN_STYLE = Automatic;
				DEVELOPMENT_TEAM = YS8PS8335D;
				INFOPLIST_FILE = eFitnessTests/Info.plist;
				IPHONEOS_DEPLOYMENT_TARGET = 14.5;
				LD_RUNPATH_SEARCH_PATHS = (
					"$(inherited)",
					"@executable_path/Frameworks",
					"@loader_path/Frameworks",
				);
				PRODUCT_BUNDLE_IDENTIFIER = maina.eFitnessTests;
				PRODUCT_NAME = "$(TARGET_NAME)";
				SWIFT_VERSION = 5.0;
				TARGETED_DEVICE_FAMILY = "1,2";
				TEST_HOST = "$(BUILT_PRODUCTS_DIR)/eFitness.app/eFitness";
			};
			name = Debug;
		};
		1966B9BE272063360030BBC9 /* Release */ = {
			isa = XCBuildConfiguration;
			buildSettings = {
				ALWAYS_EMBED_SWIFT_STANDARD_LIBRARIES = YES;
				BUNDLE_LOADER = "$(TEST_HOST)";
				CODE_SIGN_STYLE = Automatic;
				DEVELOPMENT_TEAM = YS8PS8335D;
				INFOPLIST_FILE = eFitnessTests/Info.plist;
				IPHONEOS_DEPLOYMENT_TARGET = 14.5;
				LD_RUNPATH_SEARCH_PATHS = (
					"$(inherited)",
					"@executable_path/Frameworks",
					"@loader_path/Frameworks",
				);
				PRODUCT_BUNDLE_IDENTIFIER = maina.eFitnessTests;
				PRODUCT_NAME = "$(TARGET_NAME)";
				SWIFT_VERSION = 5.0;
				TARGETED_DEVICE_FAMILY = "1,2";
				TEST_HOST = "$(BUILT_PRODUCTS_DIR)/eFitness.app/eFitness";
			};
			name = Release;
		};
		1966B9C0272063360030BBC9 /* Debug */ = {
			isa = XCBuildConfiguration;
			buildSettings = {
				ALWAYS_EMBED_SWIFT_STANDARD_LIBRARIES = YES;
				CODE_SIGN_STYLE = Automatic;
				DEVELOPMENT_TEAM = YS8PS8335D;
				INFOPLIST_FILE = eFitnessUITests/Info.plist;
				LD_RUNPATH_SEARCH_PATHS = (
					"$(inherited)",
					"@executable_path/Frameworks",
					"@loader_path/Frameworks",
				);
				PRODUCT_BUNDLE_IDENTIFIER = maina.eFitnessUITests;
				PRODUCT_NAME = "$(TARGET_NAME)";
				SWIFT_VERSION = 5.0;
				TARGETED_DEVICE_FAMILY = "1,2";
				TEST_TARGET_NAME = eFitness;
			};
			name = Debug;
		};
		1966B9C1272063360030BBC9 /* Release */ = {
			isa = XCBuildConfiguration;
			buildSettings = {
				ALWAYS_EMBED_SWIFT_STANDARD_LIBRARIES = YES;
				CODE_SIGN_STYLE = Automatic;
				DEVELOPMENT_TEAM = YS8PS8335D;
				INFOPLIST_FILE = eFitnessUITests/Info.plist;
				LD_RUNPATH_SEARCH_PATHS = (
					"$(inherited)",
					"@executable_path/Frameworks",
					"@loader_path/Frameworks",
				);
				PRODUCT_BUNDLE_IDENTIFIER = maina.eFitnessUITests;
				PRODUCT_NAME = "$(TARGET_NAME)";
				SWIFT_VERSION = 5.0;
				TARGETED_DEVICE_FAMILY = "1,2";
				TEST_TARGET_NAME = eFitness;
			};
			name = Release;
		};
/* End XCBuildConfiguration section */

/* Begin XCConfigurationList section */
		1966B98A272063330030BBC9 /* Build configuration list for PBXProject "eFitness" */ = {
			isa = XCConfigurationList;
			buildConfigurations = (
				1966B9B7272063360030BBC9 /* Debug */,
				1966B9B8272063360030BBC9 /* Release */,
			);
			defaultConfigurationIsVisible = 0;
			defaultConfigurationName = Release;
		};
		1966B9B9272063360030BBC9 /* Build configuration list for PBXNativeTarget "eFitness" */ = {
			isa = XCConfigurationList;
			buildConfigurations = (
				1966B9BA272063360030BBC9 /* Debug */,
				1966B9BB272063360030BBC9 /* Release */,
			);
			defaultConfigurationIsVisible = 0;
			defaultConfigurationName = Release;
		};
		1966B9BC272063360030BBC9 /* Build configuration list for PBXNativeTarget "eFitnessTests" */ = {
			isa = XCConfigurationList;
			buildConfigurations = (
				1966B9BD272063360030BBC9 /* Debug */,
				1966B9BE272063360030BBC9 /* Release */,
			);
			defaultConfigurationIsVisible = 0;
			defaultConfigurationName = Release;
		};
		1966B9BF272063360030BBC9 /* Build configuration list for PBXNativeTarget "eFitnessUITests" */ = {
			isa = XCConfigurationList;
			buildConfigurations = (
				1966B9C0272063360030BBC9 /* Debug */,
				1966B9C1272063360030BBC9 /* Release */,
			);
			defaultConfigurationIsVisible = 0;
			defaultConfigurationName = Release;
		};
/* End XCConfigurationList section */
	};
	rootObject = 1966B987272063330030BBC9 /* Project object */;
}
